
Microsoft Visual Studio Solution File, Format Version 12.00
# 
Project("{FAE04EC0-301F-11D3-BF4B-00C04F79EFBC}") = "EntityFrameworkCore.InterfaceSets", "EntityFrameworkCore.InterfaceSets\EntityFrameworkCore.InterfaceSets.csproj", "{A80247FE-285C-4035-8EE0-F305E5F18E37}"
EndProject
Project("{FAE04EC0-301F-11D3-BF4B-00C04F79EFBC}") = "EntityFrameworkCore.InterfaceSets.Tests", "EntityFrameworkCore.InterfaceSets.Tests\EntityFrameworkCore.InterfaceSets.Tests.csproj", "{6969426D-F8A0-43ED-BDF0-0A5CE9592811}"
EndProject
Global
	GlobalSection(SolutionConfigurationPlatforms) = preSolution
		Debug|Any CPU = Debug|Any CPU
		Release|Any CPU = Release|Any CPU
	EndGlobalSection
	GlobalSection(ProjectConfigurationPlatforms) = postSolution
		{A80247FE-285C-4035-8EE0-F305E5F18E37}.Debug|Any CPU.ActiveCfg = Debug|Any CPU
		{A80247FE-285C-4035-8EE0-F305E5F18E37}.Debug|Any CPU.Build.0 = Debug|Any CPU
		{A80247FE-285C-4035-8EE0-F305E5F18E37}.Release|Any CPU.ActiveCfg = Release|Any CPU
		{A80247FE-285C-4035-8EE0-F305E5F18E37}.Release|Any CPU.Build.0 = Release|Any CPU
		{6969426D-F8A0-43ED-BDF0-0A5CE9592811}.Debug|Any CPU.ActiveCfg = Debug|Any CPU
		{6969426D-F8A0-43ED-BDF0-0A5CE9592811}.Debug|Any CPU.Build.0 = Debug|Any CPU
		{6969426D-F8A0-43ED-BDF0-0A5CE9592811}.Release|Any CPU.ActiveCfg = Release|Any CPU
		{6969426D-F8A0-43ED-BDF0-0A5CE9592811}.Release|Any CPU.Build.0 = Release|Any CPU
	EndGlobalSection
EndGlobal
